{
  "nodes": {
    "crane": {
      "locked": {
        "lastModified": 1784564969,
        "narHash": "sha256-TkTWNhJV/8Wk3czlbz4bwHZkFCaCHPsOy+oJe4PUiXg=",
        "owner": "ipetkov",
        "repo": "crane",
        "rev": "7930f6c291de6f83c257839d434592aa085f290a",
        "type": "github"
      },
      "original": {
        "owner": "ipetkov",
        "repo": "crane",
        "type": "github"
      }
    },
    "fenix": {
      "inputs": {
        "nixpkgs": [
          "nixpkgs"
        ],
        "rust-analyzer-src": "rust-analyzer-src"
      },
      "locked": {
        "lastModified": 1785659395,
        "narHash": "sha256-LtIS0Op4A7p/HGg8FUjDWr4i75NOKttkkTk8T7pRlXo=",
        "owner": "nix-community",
        "repo": "fenix",
        "rev": "51a83e720595dcb25555ff16ce22c286b02e30ab",
        "type": "github"
      },
      "original": {
        "owner": "nix-community",
        "repo": "fenix",
        "type": "github"
      }
    },
    "flake-parts": {
      "inputs": {
        "nixpkgs-lib": [
          "nixpkgs"
        ]
      },
      "locked": {
        "lastModified": 1782949081,
        "narHash": "sha256-vp6Y/Grm98ESt6ceOkWiHWyZRDV3J1RID4w+6NWK9yA=",
        "owner": "hercules-ci",
        "repo": "flake-parts",
        "rev": "17c9d6cdfc60c64f4ee8d306f9bc0b4ccb51481e",
        "type": "github"
      },
      "original": {
        "owner": "hercules-ci",
        "repo": "flake-parts",
        "type": "github"
      }
    },
    "nixpkgs": {
      "locked": {
        "lastModified": 1784796856,
        "narHash": "sha256-wWFrV5/Qbm+lyt5x20E/bSbfJiGKMo4RCxZV8cl/WZI=",
        "owner": "NixOS",
        "repo": "nixpkgs",
        "rev": "e2587caef70cea85dd97d7daab492899902dbf5d",
        "type": "github"
      },
      "original": {
        "owner": "NixOS",
        "ref": "nixos-unstable",
        "repo": "nixpkgs",
        "type": "github"
      }
    },
    "root": {
      "inputs": {
        "crane": "crane",
        "fenix": "fenix",
        "flake-parts": "flake-parts",
        "nixpkgs": "nixpkgs",
        "treefmt-nix": "treefmt-nix"
      }
    },
    "rust-analyzer-src": {
      "flake": false,
      "locked": {
        "lastModified": 1785629336,
        "narHash": "sha256-aDSD0Tflys3Y6m7W/wuOJFg606AlWBB2Y6GeOfYJQ4k=",
        "owner": "rust-lang",
        "repo": "rust-analyzer",
        "rev": "5f008e29b89582bc2dce8d477fe7390ab628d828",
        "type": "github"
      },
      "original": {
        "owner": "rust-lang",
        "ref": "nightly",
        "repo": "rust-analyzer",
        "type": "github"
      }
    },
    "treefmt-nix": {
      "inputs": {
        "nixpkgs": [
          "nixpkgs"
        ]
      },
      "locked": {
        "lastModified": 1785360170,
        "narHash": "sha256-XE1lKgQ3eIO3E7zWryqcRsax+mYXod/5RHBn4YaR9YE=",
        "owner": "numtide",
        "repo": "treefmt-nix",
        "rev": "d1187f8bc71fb8aab02395869ec3f5c1920f75c0",
        "type": "github"
      },
      "original": {
        "owner": "numtide",
        "repo": "treefmt-nix",
        "type": "github"
      }
    }
  },
  "root": "root",
  "version": 7
}
